
Microsoft Visual Studio Solution File, Format Version 12.00
# Visual Studio Version 16
VisualStudioVersion = 16.0.30804.86
MinimumVisualStudioVersion = 15.0.26124.0
Project("{FAE04EC0-301F-11D3-BF4B-00C04F79EFBC}") = "UnitTestProject1", "UnitTestProject1\UnitTestProject1.csproj", "{0490B026-9B2A-4D91-944B-302538833C85}"
EndProject
Project("{FAE04EC0-301F-11D3-BF4B-00C04F79EFBC}") = "demoFramework", "demoFramework\demoFramework.csproj", "{EEE4CF47-A5A7-45EE-AC03-DB5D950D09E0}"
EndProject
Global
	GlobalSection(SolutionConfigurationPlatforms) = preSolution
		Debug|Any CPU = Debug|Any CPU
		Debug|x64 = Debug|x64
		Debug|x86 = Debug|x86
		Release|Any CPU = Release|Any CPU
		Release|x64 = Release|x64
		Release|x86 = Release|x86
	EndGlobalSection
	GlobalSection(ProjectConfigurationPlatforms) = postSolution
		{0490B026-9B2A-4D91-944B-302538833C85}.Debug|Any CPU.ActiveCfg = Debug|Any CPU
		{0490B026-9B2A-4D91-944B-302538833C85}.Debug|Any CPU.Build.0 = Debug|Any CPU
		{0490B026-9B2A-4D91-944B-302538833C85}.Debug|x64.ActiveCfg = Debug|Any CPU
		{0490B026-9B2A-4D91-944B-302538833C85}.Debug|x64.Build.0 = Debug|Any CPU
		{0490B026-9B2A-4D91-944B-302538833C85}.Debug|x86.ActiveCfg = Debug|Any CPU
		{0490B026-9B2A-4D91-944B-302538833C85}.Debug|x86.Build.0 = Debug|Any CPU
		{0490B026-9B2A-4D91-944B-302538833C85}.Release|Any CPU.ActiveCfg = Release|Any CPU
		{0490B026-9B2A-4D91-944B-302538833C85}.Release|Any CPU.Build.0 = Release|Any CPU
		{0490B026-9B2A-4D91-944B-302538833C85}.Release|x64.ActiveCfg = Release|Any CPU
		{0490B026-9B2A-4D91-944B-302538833C85}.Release|x64.Build.0 = Release|Any CPU
		{0490B026-9B2A-4D91-944B-302538833C85}.Release|x86.ActiveCfg = Release|Any CPU
		{0490B026-9B2A-4D91-944B-302538833C85}.Release|x86.Build.0 = Release|Any CPU
		{EEE4CF47-A5A7-45EE-AC03-DB5D950D09E0}.Debug|Any CPU.ActiveCfg = Debug|Any CPU
		{EEE4CF47-A5A7-45EE-AC03-DB5D950D09E0}.Debug|Any CPU.Build.0 = Debug|Any CPU
		{EEE4CF47-A5A7-45EE-AC03-DB5D950D09E0}.Debug|x64.ActiveCfg = Debug|Any CPU
		{EEE4CF47-A5A7-45EE-AC03-DB5D950D09E0}.Debug|x64.Build.0 = Debug|Any CPU
		{EEE4CF47-A5A7-45EE-AC03-DB5D950D09E0}.Debug|x86.ActiveCfg = Debug|Any CPU
		{EEE4CF47-A5A7-45EE-AC03-DB5D950D09E0}.Debug|x86.Build.0 = Debug|Any CPU
		{EEE4CF47-A5A7-45EE-AC03-DB5D950D09E0}.Release|Any CPU.ActiveCfg = Release|Any CPU
		{EEE4CF47-A5A7-45EE-AC03-DB5D950D09E0}.Release|Any CPU.Build.0 = Release|Any CPU
		{EEE4CF47-A5A7-45EE-AC03-DB5D950D09E0}.Release|x64.ActiveCfg = Release|Any CPU
		{EEE4CF47-A5A7-45EE-AC03-DB5D950D09E0}.Release|x64.Build.0 = Release|Any CPU
		{EEE4CF47-A5A7-45EE-AC03-DB5D950D09E0}.Release|x86.ActiveCfg = Release|Any CPU
		{EEE4CF47-A5A7-45EE-AC03-DB5D950D09E0}.Release|x86.Build.0 = Release|Any CPU
	EndGlobalSection
	GlobalSection(SolutionProperties) = preSolution
		HideSolutionNode = FALSE
	EndGlobalSection
	GlobalSection(ExtensibilityGlobals) = postSolution
		SolutionGuid = {25A45CB7-D696-4129-92A9-24326F6FBEF4}
	EndGlobalSection
EndGlobal
